// !$*UTF8*$!
{
	archiveVersion = 1;
	classes = {
	};
	objectVersion = 48;
	objects = {

/* Begin PBXBuildFile section */
		272E43662069D98400B37682 /* ResultCellView.swift in Sources */ = {isa = PBXBuildFile; fileRef = 272E43652069D98400B37682 /* ResultCellView.swift */; };
		272E43682069DCB700B37682 /* API.swift in Sources */ = {isa = PBXBuildFile; fileRef = 272E43672069DCB700B37682 /* API.swift */; };
		272E436A206A132100B37682 /* MovieDetailViewController.swift in Sources */ = {isa = PBXBuildFile; fileRef = 272E4369206A132100B37682 /* MovieDetailViewController.swift */; };
		272E436C206A143B00B37682 /* MovieResultM.swift in Sources */ = {isa = PBXBuildFile; fileRef = 272E436B206A143B00B37682 /* MovieResultM.swift */; };
		272E436E206A144500B37682 /* TVShowResultM.swift in Sources */ = {isa = PBXBuildFile; fileRef = 272E436D206A144500B37682 /* TVShowResultM.swift */; };
		272E4370206A145000B37682 /* PersonResultM.swift in Sources */ = {isa = PBXBuildFile; fileRef = 272E436F206A145000B37682 /* PersonResultM.swift */; };
		272E4372206A150300B37682 /* CreditsDetailsM.swift in Sources */ = {isa = PBXBuildFile; fileRef = 272E4371206A150300B37682 /* CreditsDetailsM.swift */; };
		272E67852069CE4600D6AA90 /* AppDelegate.swift in Sources */ = {isa = PBXBuildFile; fileRef = 272E67842069CE4600D6AA90 /* AppDelegate.swift */; };
		272E67872069CE4600D6AA90 /* ViewController.swift in Sources */ = {isa = PBXBuildFile; fileRef = 272E67862069CE4600D6AA90 /* ViewController.swift */; };
		272E678C2069CE4600D6AA90 /* Assets.xcassets in Resources */ = {isa = PBXBuildFile; fileRef = 272E678B2069CE4600D6AA90 /* Assets.xcassets */; };
		272E678F2069CE4600D6AA90 /* LaunchScreen.storyboard in Resources */ = {isa = PBXBuildFile; fileRef = 272E678D2069CE4600D6AA90 /* LaunchScreen.storyboard */; };
		272E679A2069CE4600D6AA90 /* MovieSoSwiftTests.swift in Sources */ = {isa = PBXBuildFile; fileRef = 272E67992069CE4600D6AA90 /* MovieSoSwiftTests.swift */; };
		272E67A52069CE4700D6AA90 /* MovieSoSwiftUITests.swift in Sources */ = {isa = PBXBuildFile; fileRef = 272E67A42069CE4700D6AA90 /* MovieSoSwiftUITests.swift */; };
		272E67B62069D21300D6AA90 /* movieResult.graphql in Resources */ = {isa = PBXBuildFile; fileRef = 272E67B52069D21300D6AA90 /* movieResult.graphql */; };
		272E67B82069D22600D6AA90 /* person.graphql in Resources */ = {isa = PBXBuildFile; fileRef = 272E67B72069D22600D6AA90 /* person.graphql */; };
		272E67BA2069D23500D6AA90 /* searchResult.graphql in Resources */ = {isa = PBXBuildFile; fileRef = 272E67B92069D23500D6AA90 /* searchResult.graphql */; };
		272E67BC2069D24500D6AA90 /* tvShowResult.graphql in Resources */ = {isa = PBXBuildFile; fileRef = 272E67BB2069D24500D6AA90 /* tvShowResult.graphql */; };
		272E67BF2069D68000D6AA90 /* SearchResultM.swift in Sources */ = {isa = PBXBuildFile; fileRef = 272E67BE2069D68000D6AA90 /* SearchResultM.swift */; };
		3B928F1C4F877AEEC51F0AE1 /* Pods_MovieSoSwift.framework in Frameworks */ = {isa = PBXBuildFile; fileRef = 89183976AF31CB9E8203216E /* Pods_MovieSoSwift.framework */; };
		A6597E965306C909ACA0A7DA /* Pods_MovieSoSwiftUITests.framework in Frameworks */ = {isa = PBXBuildFile; fileRef = 790F0E1DBD6CB0D3E0C0A91B /* Pods_MovieSoSwiftUITests.framework */; };
		CA6A13A24FB41F7A9AA8F171 /* Pods_MovieSoSwiftTests.framework in Frameworks */ = {isa = PBXBuildFile; fileRef = C9FC78ED373FCBFD23813364 /* Pods_MovieSoSwiftTests.framework */; };
/* End PBXBuildFile section */

/* Begin PBXContainerItemProxy section */
		272E67962069CE4600D6AA90 /* PBXContainerItemProxy */ = {
			isa = PBXContainerItemProxy;
			containerPortal = 272E67792069CE4600D6AA90 /* Project object */;
			proxyType = 1;
			remoteGlobalIDString = 272E67802069CE4600D6AA90;
			remoteInfo = MovieSoSwift;
		};
		272E67A12069CE4700D6AA90 /* PBXContainerItemProxy */ = {
			isa = PBXContainerItemProxy;
			containerPortal = 272E67792069CE4600D6AA90 /* Project object */;
			proxyType = 1;
			remoteGlobalIDString = 272E67802069CE4600D6AA90;
			remoteInfo = MovieSoSwift;
		};
/* End PBXContainerItemProxy section */

/* Begin PBXFileReference section */
		272E43652069D98400B37682 /* ResultCellView.swift */ = {isa = PBXFileReference; lastKnownFileType = sourcecode.swift; path = ResultCellView.swift; sourceTree = "<group>"; };
		272E43672069DCB700B37682 /* API.swift */ = {isa = PBXFileReference; fileEncoding = 4; lastKnownFileType = sourcecode.swift; path = API.swift; sourceTree = "<group>"; };
		272E4369206A132100B37682 /* MovieDetailViewController.swift */ = {isa = PBXFileReference; lastKnownFileType = sourcecode.swift; path = MovieDetailViewController.swift; sourceTree = "<group>"; };
		272E436B206A143B00B37682 /* MovieResultM.swift */ = {isa = PBXFileReference; lastKnownFileType = sourcecode.swift; path = MovieResultM.swift; sourceTree = "<group>"; };
		272E436D206A144500B37682 /* TVShowResultM.swift */ = {isa = PBXFileReference; lastKnownFileType = sourcecode.swift; path = TVShowResultM.swift; sourceTree = "<group>"; };
		272E436F206A145000B37682 /* PersonResultM.swift */ = {isa = PBXFileReference; lastKnownFileType = sourcecode.swift; path = PersonResultM.swift; sourceTree = "<group>"; };
		272E4371206A150300B37682 /* CreditsDetailsM.swift */ = {isa = PBXFileReference; lastKnownFileType = sourcecode.swift; path = CreditsDetailsM.swift; sourceTree = "<group>"; };
		272E67812069CE4600D6AA90 /* MovieSoSwift.app */ = {isa = PBXFileReference; explicitFileType = wrapper.application; includeInIndex = 0; path = MovieSoSwift.app; sourceTree = BUILT_PRODUCTS_DIR; };
		272E67842069CE4600D6AA90 /* AppDelegate.swift */ = {isa = PBXFileReference; lastKnownFileType = sourcecode.swift; path = AppDelegate.swift; sourceTree = "<group>"; };
		272E67862069CE4600D6AA90 /* ViewController.swift */ = {isa = PBXFileReference; lastKnownFileType = sourcecode.swift; path = ViewController.swift; sourceTree = "<group>"; };
		272E678B2069CE4600D6AA90 /* Assets.xcassets */ = {isa = PBXFileReference; lastKnownFileType = folder.assetcatalog; path = Assets.xcassets; sourceTree = "<group>"; };
		272E678E2069CE4600D6AA90 /* Base */ = {isa = PBXFileReference; lastKnownFileType = file.storyboard; name = Base; path = Base.lproj/LaunchScreen.storyboard; sourceTree = "<group>"; };
		272E67902069CE4600D6AA90 /* Info.plist */ = {isa = PBXFileReference; lastKnownFileType = text.plist.xml; path = Info.plist; sourceTree = "<group>"; };
		272E67952069CE4600D6AA90 /* MovieSoSwiftTests.xctest */ = {isa = PBXFileReference; explicitFileType = wrapper.cfbundle; includeInIndex = 0; path = MovieSoSwiftTests.xctest; sourceTree = BUILT_PRODUCTS_DIR; };
		272E67992069CE4600D6AA90 /* MovieSoSwiftTests.swift */ = {isa = PBXFileReference; lastKnownFileType = sourcecode.swift; path = MovieSoSwiftTests.swift; sourceTree = "<group>"; };
		272E679B2069CE4700D6AA90 /* Info.plist */ = {isa = PBXFileReference; lastKnownFileType = text.plist.xml; path = Info.plist; sourceTree = "<group>"; };
		272E67A02069CE4700D6AA90 /* MovieSoSwiftUITests.xctest */ = {isa = PBXFileReference; explicitFileType = wrapper.cfbundle; includeInIndex = 0; path = MovieSoSwiftUITests.xctest; sourceTree = BUILT_PRODUCTS_DIR; };
		272E67A42069CE4700D6AA90 /* MovieSoSwiftUITests.swift */ = {isa = PBXFileReference; lastKnownFileType = sourcecode.swift; path = MovieSoSwiftUITests.swift; sourceTree = "<group>"; };
		272E67A62069CE4700D6AA90 /* Info.plist */ = {isa = PBXFileReference; lastKnownFileType = text.plist.xml; path = Info.plist; sourceTree = "<group>"; };
		272E67B52069D21300D6AA90 /* movieResult.graphql */ = {isa = PBXFileReference; lastKnownFileType = text; path = movieResult.graphql; sourceTree = "<group>"; };
		272E67B72069D22600D6AA90 /* person.graphql */ = {isa = PBXFileReference; lastKnownFileType = text; path = person.graphql; sourceTree = "<group>"; };
		272E67B92069D23500D6AA90 /* searchResult.graphql */ = {isa = PBXFileReference; lastKnownFileType = text; path = searchResult.graphql; sourceTree = "<group>"; };
		272E67BB2069D24500D6AA90 /* tvShowResult.graphql */ = {isa = PBXFileReference; lastKnownFileType = text; path = tvShowResult.graphql; sourceTree = "<group>"; };
		272E67BE2069D68000D6AA90 /* SearchResultM.swift */ = {isa = PBXFileReference; lastKnownFileType = sourcecode.swift; path = SearchResultM.swift; sourceTree = "<group>"; };
		5494ED260D292BEEAD2832F8 /* Pods-MovieSoSwiftTests.release.xcconfig */ = {isa = PBXFileReference; includeInIndex = 1; lastKnownFileType = text.xcconfig; name = "Pods-MovieSoSwiftTests.release.xcconfig"; path = "Pods/Target Support Files/Pods-MovieSoSwiftTests/Pods-MovieSoSwiftTests.release.xcconfig"; sourceTree = "<group>"; };
		790F0E1DBD6CB0D3E0C0A91B /* Pods_MovieSoSwiftUITests.framework */ = {isa = PBXFileReference; explicitFileType = wrapper.framework; includeInIndex = 0; path = Pods_MovieSoSwiftUITests.framework; sourceTree = BUILT_PRODUCTS_DIR; };
		89183976AF31CB9E8203216E /* Pods_MovieSoSwift.framework */ = {isa = PBXFileReference; explicitFileType = wrapper.framework; includeInIndex = 0; path = Pods_MovieSoSwift.framework; sourceTree = BUILT_PRODUCTS_DIR; };
		8E070375B93AEAF04785B36B /* Pods-MovieSoSwiftUITests.release.xcconfig */ = {isa = PBXFileReference; includeInIndex = 1; lastKnownFileType = text.xcconfig; name = "Pods-MovieSoSwiftUITests.release.xcconfig"; path = "Pods/Target Support Files/Pods-MovieSoSwiftUITests/Pods-MovieSoSwiftUITests.release.xcconfig"; sourceTree = "<group>"; };
		B8A9DD3921E5E35A5045D2CA /* Pods-MovieSoSwift.release.xcconfig */ = {isa = PBXFileReference; includeInIndex = 1; lastKnownFileType = text.xcconfig; name = "Pods-MovieSoSwift.release.xcconfig"; path = "Pods/Target Support Files/Pods-MovieSoSwift/Pods-MovieSoSwift.release.xcconfig"; sourceTree = "<group>"; };
		BBC747F2A92ADEFA9A44A5B6 /* Pods-MovieSoSwiftTests.debug.xcconfig */ = {isa = PBXFileReference; includeInIndex = 1; lastKnownFileType = text.xcconfig; name = "Pods-MovieSoSwiftTests.debug.xcconfig"; path = "Pods/Target Support Files/Pods-MovieSoSwiftTests/Pods-MovieSoSwiftTests.debug.xcconfig"; sourceTree = "<group>"; };
		C29E0A93D05D5B858BCCA4F0 /* Pods-MovieSoSwiftUITests.debug.xcconfig */ = {isa = PBXFileReference; includeInIndex = 1; lastKnownFileType = text.xcconfig; name = "Pods-MovieSoSwiftUITests.debug.xcconfig"; path = "Pods/Target Support Files/Pods-MovieSoSwiftUITests/Pods-MovieSoSwiftUITests.debug.xcconfig"; sourceTree = "<group>"; };
		C9FC78ED373FCBFD23813364 /* Pods_MovieSoSwiftTests.framework */ = {isa = PBXFileReference; explicitFileType = wrapper.framework; includeInIndex = 0; path = Pods_MovieSoSwiftTests.framework; sourceTree = BUILT_PRODUCTS_DIR; };
		FBB9B3D9B088726A655272B9 /* Pods-MovieSoSwift.debug.xcconfig */ = {isa = PBXFileReference; includeInIndex = 1; lastKnownFileType = text.xcconfig; name = "Pods-MovieSoSwift.debug.xcconfig"; path = "Pods/Target Support Files/Pods-MovieSoSwift/Pods-MovieSoSwift.debug.xcconfig"; sourceTree = "<group>"; };
/* End PBXFileReference section */

/* Begin PBXFrameworksBuildPhase section */
		272E677E2069CE4600D6AA90 /* Frameworks */ = {
			isa = PBXFrameworksBuildPhase;
			buildActionMask = 2147483647;
			files = (
				3B928F1C4F877AEEC51F0AE1 /* Pods_MovieSoSwift.framework in Frameworks */,
			);
			runOnlyForDeploymentPostprocessing = 0;
		};
		272E67922069CE4600D6AA90 /* Frameworks */ = {
			isa = PBXFrameworksBuildPhase;
			buildActionMask = 2147483647;
			files = (
				CA6A13A24FB41F7A9AA8F171 /* Pods_MovieSoSwiftTests.framework in Frameworks */,
			);
			runOnlyForDeploymentPostprocessing = 0;
		};
		272E679D2069CE4700D6AA90 /* Frameworks */ = {
			isa = PBXFrameworksBuildPhase;
			buildActionMask = 2147483647;
			files = (
				A6597E965306C909ACA0A7DA /* Pods_MovieSoSwiftUITests.framework in Frameworks */,
			);
			runOnlyForDeploymentPostprocessing = 0;
		};
/* End PBXFrameworksBuildPhase section */

/* Begin PBXGroup section */
		272E67782069CE4600D6AA90 = {
			isa = PBXGroup;
			children = (
				272E67832069CE4600D6AA90 /* MovieSoSwift */,
				272E67982069CE4600D6AA90 /* MovieSoSwiftTests */,
				272E67A32069CE4700D6AA90 /* MovieSoSwiftUITests */,
				272E67822069CE4600D6AA90 /* Products */,
				6AE2F119ADE1E5CDA3EB163D /* Pods */,
				C4712B83AD4B317439EC959A /* Frameworks */,
			);
			sourceTree = "<group>";
		};
		272E67822069CE4600D6AA90 /* Products */ = {
			isa = PBXGroup;
			children = (
				272E67812069CE4600D6AA90 /* MovieSoSwift.app */,
				272E67952069CE4600D6AA90 /* MovieSoSwiftTests.xctest */,
				272E67A02069CE4700D6AA90 /* MovieSoSwiftUITests.xctest */,
			);
			name = Products;
			sourceTree = "<group>";
		};
		272E67832069CE4600D6AA90 /* MovieSoSwift */ = {
			isa = PBXGroup;
			children = (
				272E67B42069D0AB00D6AA90 /* View */,
				272E67B32069D0A500D6AA90 /* Model */,
				272E67B22069D09E00D6AA90 /* GraphQL */,
				272E67842069CE4600D6AA90 /* AppDelegate.swift */,
				272E67862069CE4600D6AA90 /* ViewController.swift */,
				272E678B2069CE4600D6AA90 /* Assets.xcassets */,
				272E678D2069CE4600D6AA90 /* LaunchScreen.storyboard */,
				272E67902069CE4600D6AA90 /* Info.plist */,
			);
			path = MovieSoSwift;
			sourceTree = "<group>";
		};
		272E67982069CE4600D6AA90 /* MovieSoSwiftTests */ = {
			isa = PBXGroup;
			children = (
				272E67992069CE4600D6AA90 /* MovieSoSwiftTests.swift */,
				272E679B2069CE4700D6AA90 /* Info.plist */,
			);
			path = MovieSoSwiftTests;
			sourceTree = "<group>";
		};
		272E67A32069CE4700D6AA90 /* MovieSoSwiftUITests */ = {
			isa = PBXGroup;
			children = (
				272E67A42069CE4700D6AA90 /* MovieSoSwiftUITests.swift */,
				272E67A62069CE4700D6AA90 /* Info.plist */,
			);
			path = MovieSoSwiftUITests;
			sourceTree = "<group>";
		};
		272E67B22069D09E00D6AA90 /* GraphQL */ = {
			isa = PBXGroup;
			children = (
				272E43672069DCB700B37682 /* API.swift */,
				272E67B52069D21300D6AA90 /* movieResult.graphql */,
				272E67B72069D22600D6AA90 /* person.graphql */,
				272E67B92069D23500D6AA90 /* searchResult.graphql */,
				272E67BB2069D24500D6AA90 /* tvShowResult.graphql */,
			);
			path = GraphQL;
			sourceTree = "<group>";
		};
		272E67B32069D0A500D6AA90 /* Model */ = {
			isa = PBXGroup;
			children = (
				272E67BE2069D68000D6AA90 /* SearchResultM.swift */,
				272E436B206A143B00B37682 /* MovieResultM.swift */,
				272E436D206A144500B37682 /* TVShowResultM.swift */,
				272E436F206A145000B37682 /* PersonResultM.swift */,
				272E4371206A150300B37682 /* CreditsDetailsM.swift */,
			);
			path = Model;
			sourceTree = "<group>";
		};
		272E67B42069D0AB00D6AA90 /* View */ = {
			isa = PBXGroup;
			children = (
				272E43652069D98400B37682 /* ResultCellView.swift */,
				272E4369206A132100B37682 /* MovieDetailViewController.swift */,
			);
			path = View;
			sourceTree = "<group>";
		};
		6AE2F119ADE1E5CDA3EB163D /* Pods */ = {
			isa = PBXGroup;
			children = (
				FBB9B3D9B088726A655272B9 /* Pods-MovieSoSwift.debug.xcconfig */,
				B8A9DD3921E5E35A5045D2CA /* Pods-MovieSoSwift.release.xcconfig */,
				BBC747F2A92ADEFA9A44A5B6 /* Pods-MovieSoSwiftTests.debug.xcconfig */,
				5494ED260D292BEEAD2832F8 /* Pods-MovieSoSwiftTests.release.xcconfig */,
				C29E0A93D05D5B858BCCA4F0 /* Pods-MovieSoSwiftUITests.debug.xcconfig */,
				8E070375B93AEAF04785B36B /* Pods-MovieSoSwiftUITests.release.xcconfig */,
			);
			name = Pods;
			sourceTree = "<group>";
		};
		C4712B83AD4B317439EC959A /* Frameworks */ = {
			isa = PBXGroup;
			children = (
				89183976AF31CB9E8203216E /* Pods_MovieSoSwift.framework */,
				C9FC78ED373FCBFD23813364 /* Pods_MovieSoSwiftTests.framework */,
				790F0E1DBD6CB0D3E0C0A91B /* Pods_MovieSoSwiftUITests.framework */,
			);
			name = Frameworks;
			sourceTree = "<group>";
		};
/* End PBXGroup section */

/* Begin PBXNativeTarget section */
		272E67802069CE4600D6AA90 /* MovieSoSwift */ = {
			isa = PBXNativeTarget;
			buildConfigurationList = 272E67A92069CE4700D6AA90 /* Build configuration list for PBXNativeTarget "MovieSoSwift" */;
			buildPhases = (
				7F258000C6F8A406F3BAA391 /* [CP] Check Pods Manifest.lock */,
				272E677D2069CE4600D6AA90 /* Sources */,
				272E677E2069CE4600D6AA90 /* Frameworks */,
				272E677F2069CE4600D6AA90 /* Resources */,
				79C3B12201D9AD523CA26B04 /* [CP] Embed Pods Frameworks */,
				9D5ECB6FFD37F324FFA3B894 /* [CP] Copy Pods Resources */,
				272E67BD2069D33000D6AA90 /* Generate Apollo GraphQL Api */,
			);
			buildRules = (
			);
			dependencies = (
			);
			name = MovieSoSwift;
			productName = MovieSoSwift;
			productReference = 272E67812069CE4600D6AA90 /* MovieSoSwift.app */;
			productType = "com.apple.product-type.application";
		};
		272E67942069CE4600D6AA90 /* MovieSoSwiftTests */ = {
			isa = PBXNativeTarget;
			buildConfigurationList = 272E67AC2069CE4700D6AA90 /* Build configuration list for PBXNativeTarget "MovieSoSwiftTests" */;
			buildPhases = (
				49DF4B791AAFE6C519DFCA1E /* [CP] Check Pods Manifest.lock */,
				272E67912069CE4600D6AA90 /* Sources */,
				272E67922069CE4600D6AA90 /* Frameworks */,
				272E67932069CE4600D6AA90 /* Resources */,
				49D5A40E016AB1724C413666 /* [CP] Embed Pods Frameworks */,
				FA207F02041FEEEC964ADB16 /* [CP] Copy Pods Resources */,
			);
			buildRules = (
			);
			dependencies = (
				272E67972069CE4600D6AA90 /* PBXTargetDependency */,
			);
			name = MovieSoSwiftTests;
			productName = MovieSoSwiftTests;
			productReference = 272E67952069CE4600D6AA90 /* MovieSoSwiftTests.xctest */;
			productType = "com.apple.product-type.bundle.unit-test";
		};
		272E679F2069CE4700D6AA90 /* MovieSoSwiftUITests */ = {
			isa = PBXNativeTarget;
			buildConfigurationList = 272E67AF2069CE4700D6AA90 /* Build configuration list for PBXNativeTarget "MovieSoSwiftUITests" */;
			buildPhases = (
				172E1E71917C99D22610015C /* [CP] Check Pods Manifest.lock */,
				272E679C2069CE4700D6AA90 /* Sources */,
				272E679D2069CE4700D6AA90 /* Frameworks */,
				272E679E2069CE4700D6AA90 /* Resources */,
				4F5323A94811CB2EF7287C3F /* [CP] Embed Pods Frameworks */,
				6DBE724F59FF03483D379D41 /* [CP] Copy Pods Resources */,
			);
			buildRules = (
			);
			dependencies = (
				272E67A22069CE4700D6AA90 /* PBXTargetDependency */,
			);
			name = MovieSoSwiftUITests;
			productName = MovieSoSwiftUITests;
			productReference = 272E67A02069CE4700D6AA90 /* MovieSoSwiftUITests.xctest */;
			productType = "com.apple.product-type.bundle.ui-testing";
		};
/* End PBXNativeTarget section */

/* Begin PBXProject section */
		272E67792069CE4600D6AA90 /* Project object */ = {
			isa = PBXProject;
			attributes = {
				LastSwiftUpdateCheck = 0920;
				LastUpgradeCheck = 0920;
				ORGANIZATIONNAME = "Daksh Sharma";
				TargetAttributes = {
					272E67802069CE4600D6AA90 = {
						CreatedOnToolsVersion = 9.2;
						ProvisioningStyle = Automatic;
					};
					272E67942069CE4600D6AA90 = {
						CreatedOnToolsVersion = 9.2;
						ProvisioningStyle = Automatic;
						TestTargetID = 272E67802069CE4600D6AA90;
					};
					272E679F2069CE4700D6AA90 = {
						CreatedOnToolsVersion = 9.2;
						ProvisioningStyle = Automatic;
						TestTargetID = 272E67802069CE4600D6AA90;
					};
				};
			};
			buildConfigurationList = 272E677C2069CE4600D6AA90 /* Build configuration list for PBXProject "MovieSoSwift" */;
			compatibilityVersion = "Xcode 8.0";
			developmentRegion = en;
			hasScannedForEncodings = 0;
			knownRegions = (
				en,
				Base,
			);
			mainGroup = 272E67782069CE4600D6AA90;
			productRefGroup = 272E67822069CE4600D6AA90 /* Products */;
			projectDirPath = "";
			projectRoot = "";
			targets = (
				272E67802069CE4600D6AA90 /* MovieSoSwift */,
				272E67942069CE4600D6AA90 /* MovieSoSwiftTests */,
				272E679F2069CE4700D6AA90 /* MovieSoSwiftUITests */,
			);
		};
/* End PBXProject section */

/* Begin PBXResourcesBuildPhase section */
		272E677F2069CE4600D6AA90 /* Resources */ = {
			isa = PBXResourcesBuildPhase;
			buildActionMask = 2147483647;
			files = (
				272E678F2069CE4600D6AA90 /* LaunchScreen.storyboard in Resources */,
				272E67B62069D21300D6AA90 /* movieResult.graphql in Resources */,
				272E67B82069D22600D6AA90 /* person.graphql in Resources */,
				272E67BA2069D23500D6AA90 /* searchResult.graphql in Resources */,
				272E678C2069CE4600D6AA90 /* Assets.xcassets in Resources */,
				272E67BC2069D24500D6AA90 /* tvShowResult.graphql in Resources */,
			);
			runOnlyForDeploymentPostprocessing = 0;
		};
		272E67932069CE4600D6AA90 /* Resources */ = {
			isa = PBXResourcesBuildPhase;
			buildActionMask = 2147483647;
			files = (
			);
			runOnlyForDeploymentPostprocessing = 0;
		};
		272E679E2069CE4700D6AA90 /* Resources */ = {
			isa = PBXResourcesBuildPhase;
			buildActionMask = 2147483647;
			files = (
			);
			runOnlyForDeploymentPostprocessing = 0;
		};
/* End PBXResourcesBuildPhase section */

/* Begin PBXShellScriptBuildPhase section */
		172E1E71917C99D22610015C /* [CP] Check Pods Manifest.lock */ = {
			isa = PBXShellScriptBuildPhase;
			buildActionMask = 2147483647;
			files = (
			);
			inputPaths = (
				"${PODS_PODFILE_DIR_PATH}/Podfile.lock",
				"${PODS_ROOT}/Manifest.lock",
			);
			name = "[CP] Check Pods Manifest.lock";
			outputPaths = (
				"$(DERIVED_FILE_DIR)/Pods-MovieSoSwiftUITests-checkManifestLockResult.txt",
			);
			runOnlyForDeploymentPostprocessing = 0;
			shellPath = /bin/sh;
			shellScript = "diff \"${PODS_PODFILE_DIR_PATH}/Podfile.lock\" \"${PODS_ROOT}/Manifest.lock\" > /dev/null\nif [ $? != 0 ] ; then\n    # print error to STDERR\n    echo \"error: The sandbox is not in sync with the Podfile.lock. Run 'pod install' or update your CocoaPods installation.\" >&2\n    exit 1\nfi\n# This output is used by Xcode 'outputs' to avoid re-running this script phase.\necho \"SUCCESS\" > \"${SCRIPT_OUTPUT_FILE_0}\"\n";
			showEnvVarsInLog = 0;
		};
		272E67BD2069D33000D6AA90 /* Generate Apollo GraphQL Api */ = {
			isa = PBXShellScriptBuildPhase;
			buildActionMask = 2147483647;
			files = (
			);
			inputPaths = (
			);
			name = "Generate Apollo GraphQL Api";
			outputPaths = (
			);
			runOnlyForDeploymentPostprocessing = 0;
			shellPath = /bin/sh;
			shellScript = "APOLLO_FRAMEWORK_PATH=\"$(eval find $FRAMEWORK_SEARCH_PATHS -name \"Apollo.framework\" -maxdepth 1)\"\n\nif [ -z \"$APOLLO_FRAMEWORK_PATH\" ]; then\necho \"error: Couldn't find Apollo.framework in FRAMEWORK_SEARCH_PATHS; make sure to add the framework to your project.\"\nexit 1\nfi\n\ncd \"${SRCROOT}/${TARGET_NAME}\"\n$APOLLO_FRAMEWORK_PATH/check-and-run-apollo-codegen.sh generate $(find . -name '*.graphql') --schema GraphQL/schema.json --output GraphQL/API.swift";
		};
		49D5A40E016AB1724C413666 /* [CP] Embed Pods Frameworks */ = {
			isa = PBXShellScriptBuildPhase;
			buildActionMask = 2147483647;
			files = (
			);
			inputPaths = (
			);
			name = "[CP] Embed Pods Frameworks";
			outputPaths = (
			);
			runOnlyForDeploymentPostprocessing = 0;
			shellPath = /bin/sh;
			shellScript = "\"${SRCROOT}/Pods/Target Support Files/Pods-MovieSoSwiftTests/Pods-MovieSoSwiftTests-frameworks.sh\"\n";
			showEnvVarsInLog = 0;
		};
		49DF4B791AAFE6C519DFCA1E /* [CP] Check Pods Manifest.lock */ = {
			isa = PBXShellScriptBuildPhase;
			buildActionMask = 2147483647;
			files = (
			);
			inputPaths = (
				"${PODS_PODFILE_DIR_PATH}/Podfile.lock",
				"${PODS_ROOT}/Manifest.lock",
			);
			name = "[CP] Check Pods Manifest.lock";
			outputPaths = (
				"$(DERIVED_FILE_DIR)/Pods-MovieSoSwiftTests-checkManifestLockResult.txt",
			);
			runOnlyForDeploymentPostprocessing = 0;
			shellPath = /bin/sh;
			shellScript = "diff \"${PODS_PODFILE_DIR_PATH}/Podfile.lock\" \"${PODS_ROOT}/Manifest.lock\" > /dev/null\nif [ $? != 0 ] ; then\n    # print error to STDERR\n    echo \"error: The sandbox is not in sync with the Podfile.lock. Run 'pod install' or update your CocoaPods installation.\" >&2\n    exit 1\nfi\n# This output is used by Xcode 'outputs' to avoid re-running this script phase.\necho \"SUCCESS\" > \"${SCRIPT_OUTPUT_FILE_0}\"\n";
			showEnvVarsInLog = 0;
		};
		4F5323A94811CB2EF7287C3F /* [CP] Embed Pods Frameworks */ = {
			isa = PBXShellScriptBuildPhase;
			buildActionMask = 2147483647;
			files = (
			);
			inputPaths = (
			);
			name = "[CP] Embed Pods Frameworks";
			outputPaths = (
			);
			runOnlyForDeploymentPostprocessing = 0;
			shellPath = /bin/sh;
			shellScript = "\"${SRCROOT}/Pods/Target Support Files/Pods-MovieSoSwiftUITests/Pods-MovieSoSwiftUITests-frameworks.sh\"\n";
			showEnvVarsInLog = 0;
		};
		6DBE724F59FF03483D379D41 /* [CP] Copy Pods Resources */ = {
			isa = PBXShellScriptBuildPhase;
			buildActionMask = 2147483647;
			files = (
			);
			inputPaths = (
			);
			name = "[CP] Copy Pods Resources";
			outputPaths = (
			);
			runOnlyForDeploymentPostprocessing = 0;
			shellPath = /bin/sh;
			shellScript = "\"${SRCROOT}/Pods/Target Support Files/Pods-MovieSoSwiftUITests/Pods-MovieSoSwiftUITests-resources.sh\"\n";
			showEnvVarsInLog = 0;
		};
		79C3B12201D9AD523CA26B04 /* [CP] Embed Pods Frameworks */ = {
			isa = PBXShellScriptBuildPhase;
			buildActionMask = 2147483647;
			files = (
			);
			inputPaths = (
				"${SRCROOT}/Pods/Target Support Files/Pods-MovieSoSwift/Pods-MovieSoSwift-frameworks.sh",
				"${BUILT_PRODUCTS_DIR}/Alamofire/Alamofire.framework",
				"${BUILT_PRODUCTS_DIR}/AlamofireImage/AlamofireImage.framework",
				"${BUILT_PRODUCTS_DIR}/Apollo/Apollo.framework",
			);
			name = "[CP] Embed Pods Frameworks";
			outputPaths = (
				"${TARGET_BUILD_DIR}/${FRAMEWORKS_FOLDER_PATH}/Alamofire.framework",
				"${TARGET_BUILD_DIR}/${FRAMEWORKS_FOLDER_PATH}/AlamofireImage.framework",
				"${TARGET_BUILD_DIR}/${FRAMEWORKS_FOLDER_PATH}/Apollo.framework",
			);
			runOnlyForDeploymentPostprocessing = 0;
			shellPath = /bin/sh;
			shellScript = "\"${SRCROOT}/Pods/Target Support Files/Pods-MovieSoSwift/Pods-MovieSoSwift-frameworks.sh\"\n";
			showEnvVarsInLog = 0;
		};
		7F258000C6F8A406F3BAA391 /* [CP] Check Pods Manifest.lock */ = {
			isa = PBXShellScriptBuildPhase;
			buildActionMask = 2147483647;
			files = (
			);
			inputPaths = (
				"${PODS_PODFILE_DIR_PATH}/Podfile.lock",
				"${PODS_ROOT}/Manifest.lock",
			);
			name = "[CP] Check Pods Manifest.lock";
			outputPaths = (
				"$(DERIVED_FILE_DIR)/Pods-MovieSoSwift-checkManifestLockResult.txt",
			);
			runOnlyForDeploymentPostprocessing = 0;
			shellPath = /bin/sh;
			shellScript = "diff \"${PODS_PODFILE_DIR_PATH}/Podfile.lock\" \"${PODS_ROOT}/Manifest.lock\" > /dev/null\nif [ $? != 0 ] ; then\n    # print error to STDERR\n    echo \"error: The sandbox is not in sync with the Podfile.lock. Run 'pod install' or update your CocoaPods installation.\" >&2\n    exit 1\nfi\n# This output is used by Xcode 'outputs' to avoid re-running this script phase.\necho \"SUCCESS\" > \"${SCRIPT_OUTPUT_FILE_0}\"\n";
			showEnvVarsInLog = 0;
		};
		9D5ECB6FFD37F324FFA3B894 /* [CP] Copy Pods Resources */ = {
			isa = PBXShellScriptBuildPhase;
			buildActionMask = 2147483647;
			files = (
			);
			inputPaths = (
			);
			name = "[CP] Copy Pods Resources";
			outputPaths = (
			);
			runOnlyForDeploymentPostprocessing = 0;
			shellPath = /bin/sh;
			shellScript = "\"${SRCROOT}/Pods/Target Support Files/Pods-MovieSoSwift/Pods-MovieSoSwift-resources.sh\"\n";
			showEnvVarsInLog = 0;
		};
		FA207F02041FEEEC964ADB16 /* [CP] Copy Pods Resources */ = {
			isa = PBXShellScriptBuildPhase;
			buildActionMask = 2147483647;
			files = (
			);
			inputPaths = (
			);
			name = "[CP] Copy Pods Resources";
			outputPaths = (
			);
			runOnlyForDeploymentPostprocessing = 0;
			shellPath = /bin/sh;
			shellScript = "\"${SRCROOT}/Pods/Target Support Files/Pods-MovieSoSwiftTests/Pods-MovieSoSwiftTests-resources.sh\"\n";
			showEnvVarsInLog = 0;
		};
/* End PBXShellScriptBuildPhase section */

/* Begin PBXSourcesBuildPhase section */
		272E677D2069CE4600D6AA90 /* Sources */ = {
			isa = PBXSourcesBuildPhase;
			buildActionMask = 2147483647;
			files = (
				272E67BF2069D68000D6AA90 /* SearchResultM.swift in Sources */,
				272E43662069D98400B37682 /* ResultCellView.swift in Sources */,
				272E67872069CE4600D6AA90 /* ViewController.swift in Sources */,
				272E436C206A143B00B37682 /* MovieResultM.swift in Sources */,
				272E4370206A145000B37682 /* PersonResultM.swift in Sources */,
				272E67852069CE4600D6AA90 /* AppDelegate.swift in Sources */,
				272E436E206A144500B37682 /* TVShowResultM.swift in Sources */,
				272E436A206A132100B37682 /* MovieDetailViewController.swift in Sources */,
				272E43682069DCB700B37682 /* API.swift in Sources */,
				272E4372206A150300B37682 /* CreditsDetailsM.swift in Sources */,
			);
			runOnlyForDeploymentPostprocessing = 0;
		};
		272E67912069CE4600D6AA90 /* Sources */ = {
			isa = PBXSourcesBuildPhase;
			buildActionMask = 2147483647;
			files = (
				272E679A2069CE4600D6AA90 /* MovieSoSwiftTests.swift in Sources */,
			);
			runOnlyForDeploymentPostprocessing = 0;
		};
		272E679C2069CE4700D6AA90 /* Sources */ = {
			isa = PBXSourcesBuildPhase;
			buildActionMask = 2147483647;
			files = (
				272E67A52069CE4700D6AA90 /* MovieSoSwiftUITests.swift in Sources */,
			);
			runOnlyForDeploymentPostprocessing = 0;
		};
/* End PBXSourcesBuildPhase section */

/* Begin PBXTargetDependency section */
		272E67972069CE4600D6AA90 /* PBXTargetDependency */ = {
			isa = PBXTargetDependency;
			target = 272E67802069CE4600D6AA90 /* MovieSoSwift */;
			targetProxy = 272E67962069CE4600D6AA90 /* PBXContainerItemProxy */;
		};
		272E67A22069CE4700D6AA90 /* PBXTargetDependency */ = {
			isa = PBXTargetDependency;
			target = 272E67802069CE4600D6AA90 /* MovieSoSwift */;
			targetProxy = 272E67A12069CE4700D6AA90 /* PBXContainerItemProxy */;
		};
/* End PBXTargetDependency section */

/* Begin PBXVariantGroup section */
		272E678D2069CE4600D6AA90 /* LaunchScreen.storyboard */ = {
			isa = PBXVariantGroup;
			children = (
				272E678E2069CE4600D6AA90 /* Base */,
			);
			name = LaunchScreen.storyboard;
			sourceTree = "<group>";
		};
/* End PBXVariantGroup section */

/* Begin XCBuildConfiguration section */
		272E67A72069CE4700D6AA90 /* Debug */ = {
			isa = XCBuildConfiguration;
			buildSettings = {
				ALWAYS_SEARCH_USER_PATHS = NO;
				CLANG_ANALYZER_NONNULL = YES;
				CLANG_ANALYZER_NUMBER_OBJECT_CONVERSION = YES_AGGRESSIVE;
				CLANG_CXX_LANGUAGE_STANDARD = "gnu++14";
				CLANG_CXX_LIBRARY = "libc++";
				CLANG_ENABLE_MODULES = YES;
				CLANG_ENABLE_OBJC_ARC = YES;
				CLANG_WARN_BLOCK_CAPTURE_AUTORELEASING = YES;
				CLANG_WARN_BOOL_CONVERSION = YES;
				CLANG_WARN_COMMA = YES;
				CLANG_WARN_CONSTANT_CONVERSION = YES;
				CLANG_WARN_DIRECT_OBJC_ISA_USAGE = YES_ERROR;
				CLANG_WARN_DOCUMENTATION_COMMENTS = YES;
				CLANG_WARN_EMPTY_BODY = YES;
				CLANG_WARN_ENUM_CONVERSION = YES;
				CLANG_WARN_INFINITE_RECURSION = YES;
				CLANG_WARN_INT_CONVERSION = YES;
				CLANG_WARN_NON_LITERAL_NULL_CONVERSION = YES;
				CLANG_WARN_OBJC_LITERAL_CONVERSION = YES;
				CLANG_WARN_OBJC_ROOT_CLASS = YES_ERROR;
				CLANG_WARN_RANGE_LOOP_ANALYSIS = YES;
				CLANG_WARN_STRICT_PROTOTYPES = YES;
				CLANG_WARN_SUSPICIOUS_MOVE = YES;
				CLANG_WARN_UNGUARDED_AVAILABILITY = YES_AGGRESSIVE;
				CLANG_WARN_UNREACHABLE_CODE = YES;
				CLANG_WARN__DUPLICATE_METHOD_MATCH = YES;
				CODE_SIGN_IDENTITY = "iPhone Developer";
				COPY_PHASE_STRIP = NO;
				DEBUG_INFORMATION_FORMAT = dwarf;
				ENABLE_STRICT_OBJC_MSGSEND = YES;
				ENABLE_TESTABILITY = YES;
				GCC_C_LANGUAGE_STANDARD = gnu11;
				GCC_DYNAMIC_NO_PIC = NO;
				GCC_NO_COMMON_BLOCKS = YES;
				GCC_OPTIMIZATION_LEVEL = 0;
				GCC_PREPROCESSOR_DEFINITIONS = (
					"DEBUG=1",
					"$(inherited)",
				);
				GCC_WARN_64_TO_32_BIT_CONVERSION = YES;
				GCC_WARN_ABOUT_RETURN_TYPE = YES_ERROR;
				GCC_WARN_UNDECLARED_SELECTOR = YES;
				GCC_WARN_UNINITIALIZED_AUTOS = YES_AGGRESSIVE;
				GCC_WARN_UNUSED_FUNCTION = YES;
				GCC_WARN_UNUSED_VARIABLE = YES;
				IPHONEOS_DEPLOYMENT_TARGET = 11.2;
				MTL_ENABLE_DEBUG_INFO = YES;
				ONLY_ACTIVE_ARCH = YES;
				SDKROOT = iphoneos;
				SWIFT_ACTIVE_COMPILATION_CONDITIONS = DEBUG;
				SWIFT_OPTIMIZATION_LEVEL = "-Onone";
			};
			name = Debug;
		};
		272E67A82069CE4700D6AA90 /* Release */ = {
			isa = XCBuildConfiguration;
			buildSettings = {
				ALWAYS_SEARCH_USER_PATHS = NO;
				CLANG_ANALYZER_NONNULL = YES;
				CLANG_ANALYZER_NUMBER_OBJECT_CONVERSION = YES_AGGRESSIVE;
				CLANG_CXX_LANGUAGE_STANDARD = "gnu++14";
				CLANG_CXX_LIBRARY = "libc++";
				CLANG_ENABLE_MODULES = YES;
				CLANG_ENABLE_OBJC_ARC = YES;
				CLANG_WARN_BLOCK_CAPTURE_AUTORELEASING = YES;
				CLANG_WARN_BOOL_CONVERSION = YES;
				CLANG_WARN_COMMA = YES;
				CLANG_WARN_CONSTANT_CONVERSION = YES;
				CLANG_WARN_DIRECT_OBJC_ISA_USAGE = YES_ERROR;
				CLANG_WARN_DOCUMENTATION_COMMENTS = YES;
				CLANG_WARN_EMPTY_BODY = YES;
				CLANG_WARN_ENUM_CONVERSION = YES;
				CLANG_WARN_INFINITE_RECURSION = YES;
				CLANG_WARN_INT_CONVERSION = YES;
				CLANG_WARN_NON_LITERAL_NULL_CONVERSION = YES;
				CLANG_WARN_OBJC_LITERAL_CONVERSION = YES;
				CLANG_WARN_OBJC_ROOT_CLASS = YES_ERROR;
				CLANG_WARN_RANGE_LOOP_ANALYSIS = YES;
				CLANG_WARN_STRICT_PROTOTYPES = YES;
				CLANG_WARN_SUSPICIOUS_MOVE = YES;
				CLANG_WARN_UNGUARDED_AVAILABILITY = YES_AGGRESSIVE;
				CLANG_WARN_UNREACHABLE_CODE = YES;
				CLANG_WARN__DUPLICATE_METHOD_MATCH = YES;
				CODE_SIGN_IDENTITY = "iPhone Developer";
				COPY_PHASE_STRIP = NO;
				DEBUG_INFORMATION_FORMAT = "dwarf-with-dsym";
				ENABLE_NS_ASSERTIONS = NO;
				ENABLE_STRICT_OBJC_MSGSEND = YES;
				GCC_C_LANGUAGE_STANDARD = gnu11;
				GCC_NO_COMMON_BLOCKS = YES;
				GCC_WARN_64_TO_32_BIT_CONVERSION = YES;
				GCC_WARN_ABOUT_RETURN_TYPE = YES_ERROR;
				GCC_WARN_UNDECLARED_SELECTOR = YES;
				GCC_WARN_UNINITIALIZED_AUTOS = YES_AGGRESSIVE;
				GCC_WARN_UNUSED_FUNCTION = YES;
				GCC_WARN_UNUSED_VARIABLE = YES;
				IPHONEOS_DEPLOYMENT_TARGET = 11.2;
				MTL_ENABLE_DEBUG_INFO = NO;
				SDKROOT = iphoneos;
				SWIFT_OPTIMIZATION_LEVEL = "-Owholemodule";
				VALIDATE_PRODUCT = YES;
			};
			name = Release;
		};
		272E67AA2069CE4700D6AA90 /* Debug */ = {
			isa = XCBuildConfiguration;
			baseConfigurationReference = FBB9B3D9B088726A655272B9 /* Pods-MovieSoSwift.debug.xcconfig */;
			buildSettings = {
				ASSETCATALOG_COMPILER_APPICON_NAME = AppIcon;
				CODE_SIGN_STYLE = Automatic;
				DEVELOPMENT_TEAM = 4UW8LGR5EU;
				INFOPLIST_FILE = MovieSoSwift/Info.plist;
				LD_RUNPATH_SEARCH_PATHS = "$(inherited) @executable_path/Frameworks";
				PRODUCT_BUNDLE_IDENTIFIER = com.dakshsharma.MovieSoSwift;
				PRODUCT_NAME = "$(TARGET_NAME)";
				SWIFT_VERSION = 4.0;
				TARGETED_DEVICE_FAMILY = "1,2";
			};
			name = Debug;
		};
		272E67AB2069CE4700D6AA90 /* Release */ = {
			isa = XCBuildConfiguration;
			baseConfigurationReference = B8A9DD3921E5E35A5045D2CA /* Pods-MovieSoSwift.release.xcconfig */;
			buildSettings = {
				ASSETCATALOG_COMPILER_APPICON_NAME = AppIcon;
				CODE_SIGN_STYLE = Automatic;
				DEVELOPMENT_TEAM = 4UW8LGR5EU;
				INFOPLIST_FILE = MovieSoSwift/Info.plist;
				LD_RUNPATH_SEARCH_PATHS = "$(inherited) @executable_path/Frameworks";
				PRODUCT_BUNDLE_IDENTIFIER = com.dakshsharma.MovieSoSwift;
				PRODUCT_NAME = "$(TARGET_NAME)";
				SWIFT_VERSION = 4.0;
				TARGETED_DEVICE_FAMILY = "1,2";
			};
			name = Release;
		};
		272E67AD2069CE4700D6AA90 /* Debug */ = {
			isa = XCBuildConfiguration;
			baseConfigurationReference = BBC747F2A92ADEFA9A44A5B6 /* Pods-MovieSoSwiftTests.debug.xcconfig */;
			buildSettings = {
				ALWAYS_EMBED_SWIFT_STANDARD_LIBRARIES = YES;
				BUNDLE_LOADER = "$(TEST_HOST)";
				CODE_SIGN_STYLE = Automatic;
				DEVELOPMENT_TEAM = 4UW8LGR5EU;
				INFOPLIST_FILE = MovieSoSwiftTests/Info.plist;
				LD_RUNPATH_SEARCH_PATHS = "$(inherited) @executable_path/Frameworks @loader_path/Frameworks";
				PRODUCT_BUNDLE_IDENTIFIER = com.dakshsharma.MovieSoSwiftTests;
				PRODUCT_NAME = "$(TARGET_NAME)";
				SWIFT_VERSION = 4.0;
				TARGETED_DEVICE_FAMILY = "1,2";
				TEST_HOST = "$(BUILT_PRODUCTS_DIR)/MovieSoSwift.app/MovieSoSwift";
			};
			name = Debug;
		};
		272E67AE2069CE4700D6AA90 /* Release */ = {
			isa = XCBuildConfiguration;
			baseConfigurationReference = 5494ED260D292BEEAD2832F8 /* Pods-MovieSoSwiftTests.release.xcconfig */;
			buildSettings = {
				ALWAYS_EMBED_SWIFT_STANDARD_LIBRARIES = YES;
				BUNDLE_LOADER = "$(TEST_HOST)";
				CODE_SIGN_STYLE = Automatic;
				DEVELOPMENT_TEAM = 4UW8LGR5EU;
				INFOPLIST_FILE = MovieSoSwiftTests/Info.plist;
				LD_RUNPATH_SEARCH_PATHS = "$(inherited) @executable_path/Frameworks @loader_path/Frameworks";
				PRODUCT_BUNDLE_IDENTIFIER = com.dakshsharma.MovieSoSwiftTests;
				PRODUCT_NAME = "$(TARGET_NAME)";
				SWIFT_VERSION = 4.0;
				TARGETED_DEVICE_FAMILY = "1,2";
				TEST_HOST = "$(BUILT_PRODUCTS_DIR)/MovieSoSwift.app/MovieSoSwift";
			};
			name = Release;
		};
		272E67B02069CE4700D6AA90 /* Debug */ = {
			isa = XCBuildConfiguration;
			baseConfigurationReference = C29E0A93D05D5B858BCCA4F0 /* Pods-MovieSoSwiftUITests.debug.xcconfig */;
			buildSettings = {
				ALWAYS_EMBED_SWIFT_STANDARD_LIBRARIES = YES;
				CODE_SIGN_STYLE = Automatic;
				DEVELOPMENT_TEAM = 4UW8LGR5EU;
				INFOPLIST_FILE = MovieSoSwiftUITests/Info.plist;
				LD_RUNPATH_SEARCH_PATHS = "$(inherited) @executable_path/Frameworks @loader_path/Frameworks";
				PRODUCT_BUNDLE_IDENTIFIER = com.dakshsharma.MovieSoSwiftUITests;
				PRODUCT_NAME = "$(TARGET_NAME)";
				SWIFT_VERSION = 4.0;
				TARGETED_DEVICE_FAMILY = "1,2";
				TEST_TARGET_NAME = MovieSoSwift;
			};
			name = Debug;
		};
		272E67B12069CE4700D6AA90 /* Release */ = {
			isa = XCBuildConfiguration;
			baseConfigurationReference = 8E070375B93AEAF04785B36B /* Pods-MovieSoSwiftUITests.release.xcconfig */;
			buildSettings = {
				ALWAYS_EMBED_SWIFT_STANDARD_LIBRARIES = YES;
				CODE_SIGN_STYLE = Automatic;
				DEVELOPMENT_TEAM = 4UW8LGR5EU;
				INFOPLIST_FILE = MovieSoSwiftUITests/Info.plist;
				LD_RUNPATH_SEARCH_PATHS = "$(inherited) @executable_path/Frameworks @loader_path/Frameworks";
				PRODUCT_BUNDLE_IDENTIFIER = com.dakshsharma.MovieSoSwiftUITests;
				PRODUCT_NAME = "$(TARGET_NAME)";
				SWIFT_VERSION = 4.0;
				TARGETED_DEVICE_FAMILY = "1,2";
				TEST_TARGET_NAME = MovieSoSwift;
			};
			name = Release;
		};
/* End XCBuildConfiguration section */

/* Begin XCConfigurationList section */
		272E677C2069CE4600D6AA90 /* Build configuration list for PBXProject "MovieSoSwift" */ = {
			isa = XCConfigurationList;
			buildConfigurations = (
				272E67A72069CE4700D6AA90 /* Debug */,
				272E67A82069CE4700D6AA90 /* Release */,
			);
			defaultConfigurationIsVisible = 0;
			defaultConfigurationName = Release;
		};
		272E67A92069CE4700D6AA90 /* Build configuration list for PBXNativeTarget "MovieSoSwift" */ = {
			isa = XCConfigurationList;
			buildConfigurations = (
				272E67AA2069CE4700D6AA90 /* Debug */,
				272E67AB2069CE4700D6AA90 /* Release */,
			);
			defaultConfigurationIsVisible = 0;
			defaultConfigurationName = Release;
		};
		272E67AC2069CE4700D6AA90 /* Build configuration list for PBXNativeTarget "MovieSoSwiftTests" */ = {
			isa = XCConfigurationList;
			buildConfigurations = (
				272E67AD2069CE4700D6AA90 /* Debug */,
				272E67AE2069CE4700D6AA90 /* Release */,
			);
			defaultConfigurationIsVisible = 0;
			defaultConfigurationName = Release;
		};
		272E67AF2069CE4700D6AA90 /* Build configuration list for PBXNativeTarget "MovieSoSwiftUITests" */ = {
			isa = XCConfigurationList;
			buildConfigurations = (
				272E67B02069CE4700D6AA90 /* Debug */,
				272E67B12069CE4700D6AA90 /* Release */,
			);
			defaultConfigurationIsVisible = 0;
			defaultConfigurationName = Release;
		};
/* End XCConfigurationList section */
	};
	rootObject = 272E67792069CE4600D6AA90 /* Project object */;
}
